
Microsoft Visual Studio Solution File, Format Version 12.00
# Visual Studio Version 17
VisualStudioVersion = 17.8.34525.116
MinimumVisualStudioVersion = 10.0.40219.1
Project("{9A19103F-16F7-4668-BE54-9A1E7A4F7556}") = "Poker.Client", "Poker.Client\Poker.Client.csproj", "{F0567A2F-4ADD-436D-889C-D112452DC899}"
EndProject
Project("{9A19103F-16F7-4668-BE54-9A1E7A4F7556}") = "Poker.Common", "Poker.Common\Poker.Common.csproj", "{9BC2B81A-E774-4EDF-99C9-D9DD25B70CDC}"
EndProject
Project("{9A19103F-16F7-4668-BE54-9A1E7A4F7556}") = "Poker.Server", "Poker.Server\Poker.Server.csproj", "{7D680D45-4EEA-4F43-A832-CF244CF6C8DE}"
EndProject
Global
	GlobalSection(SolutionConfigurationPlatforms) = preSolution
		Debug|Any CPU = Debug|Any CPU
		Release|Any CPU = Release|Any CPU
	EndGlobalSection
	GlobalSection(ProjectConfigurationPlatforms) = postSolution
		{F0567A2F-4ADD-436D-889C-D112452DC899}.Debug|Any CPU.ActiveCfg = Debug|Any CPU
		{F0567A2F-4ADD-436D-889C-D112452DC899}.Debug|Any CPU.Build.0 = Debug|Any CPU
		{F0567A2F-4ADD-436D-889C-D112452DC899}.Release|Any CPU.ActiveCfg = Release|Any CPU
		{F0567A2F-4ADD-436D-889C-D112452DC899}.Release|Any CPU.Build.0 = Release|Any CPU
		{9BC2B81A-E774-4EDF-99C9-D9DD25B70CDC}.Debug|Any CPU.ActiveCfg = Debug|Any CPU
		{9BC2B81A-E774-4EDF-99C9-D9DD25B70CDC}.Debug|Any CPU.Build.0 = Debug|Any CPU
		{9BC2B81A-E774-4EDF-99C9-D9DD25B70CDC}.Release|Any CPU.ActiveCfg = Release|Any CPU
		{9BC2B81A-E774-4EDF-99C9-D9DD25B70CDC}.Release|Any CPU.Build.0 = Release|Any CPU
		{7D680D45-4EEA-4F43-A832-CF244CF6C8DE}.Debug|Any CPU.ActiveCfg = Debug|Any CPU
		{7D680D45-4EEA-4F43-A832-CF244CF6C8DE}.Debug|Any CPU.Build.0 = Debug|Any CPU
		{7D680D45-4EEA-4F43-A832-CF244CF6C8DE}.Release|Any CPU.ActiveCfg = Release|Any CPU
		{7D680D45-4EEA-4F43-A832-CF244CF6C8DE}.Release|Any CPU.Build.0 = Release|Any CPU
	EndGlobalSection
	GlobalSection(SolutionProperties) = preSolution
		HideSolutionNode = FALSE
	EndGlobalSection
	GlobalSection(ExtensibilityGlobals) = postSolution
		SolutionGuid = {4A7B19DF-1BE9-4A19-A6E1-EB040C9EA394}
	EndGlobalSection
EndGlobal
